{"version":4,"terraform_version":"1.10.2","serial":4,"lineage":"e0710620-3432-9e5c-80cd-b86c34497365","outputs":{},"resources":[{"mode":"managed","type":"github_branch_protection","name":"main_branch_protection","provider":"provider[\"registry.opentofu.org/integrations/github\"]","instances":[{"index_key":0,"schema_version":2,"attributes":{"allows_deletions":false,"allows_force_pushes":false,"enforce_admins":true,"force_push_bypassers":null,"id":"BPR_kwDOO_9IQM4D_lFy","lock_branch":false,"pattern":"main","repository_id":"R_kgDOO_9IQA","require_conversation_resolution":false,"require_signed_commits":false,"required_linear_history":false,"required_pull_request_reviews":[],"required_status_checks":[],"restrict_pushes":[]},"sensitive_attributes":[],"private":"eyJzY2hlbWFfdmVyc2lvbiI6IjIifQ==","dependencies":["github_repository.bookworm_repo"]}]},{"mode":"managed","type":"github_repository","name":"bookworm_repo","provider":"provider[\"registry.opentofu.org/integrations/github\"]","instances":[{"schema_version":1,"attributes":{"allow_auto_merge":false,"allow_merge_commit":true,"allow_rebase_merge":true,"allow_squash_merge":true,"allow_update_branch":false,"archive_on_destroy":null,"archived":false,"auto_init":false,"default_branch":"main","delete_branch_on_merge":false,"description":"Bookworm is a CLI application to manage bookmarks","etag":"W/\"4d8246a76461067b7c91239a7ff047a7f17c72ab06bddd20c547ced0c4daadfc\"","full_name":"dandeandean/bookworm","git_clone_url":"git://github.com/dandeandean/bookworm.git","gitignore_template":null,"has_discussions":false,"has_downloads":true,"has_issues":true,"has_projects":true,"has_wiki":false,"homepage_url":"","html_url":"https://github.com/dandeandean/bookworm","http_clone_url":"https://github.com/dandeandean/bookworm.git","id":"bookworm","ignore_vulnerability_alerts_during_read":null,"is_template":false,"license_template":null,"merge_commit_message":"PR_TITLE","merge_commit_title":"MERGE_MESSAGE","name":"bookworm","node_id":"R_kgDOO_9IQA","pages":[],"primary_language":"Go","private":false,"repo_id":1006585920,"security_and_analysis":[{"advanced_security":[],"secret_scanning":[{"status":"disabled"}],"secret_scanning_push_protection":[{"status":"disabled"}]}],"squash_merge_commit_message":"COMMIT_MESSAGES","squash_merge_commit_title":"COMMIT_OR_PR_TITLE","ssh_clone_url":"git@github.com:dandeandean/bookworm.git","svn_url":"https://github.com/dandeandean/bookworm","template":[],"topics":[],"visibility":"public","vulnerability_alerts":false,"web_commit_signoff_required":false},"sensitive_attributes":[],"private":"eyJzY2hlbWFfdmVyc2lvbiI6IjEifQ=="}]}],"check_results":null}
